{
  "name": "ModelExample",
  "version": "1.0.0",
  "lockfileVersion": 2,
  "requires": true,
  "packages": {
    "": {
      "name": "ModelExample",
      "version": "1.0.0",
      "dependencies": {
        "@elaraai/cli": "0.2.0-next.18",
        "@elaraai/core": "0.2.0-next.18"
      },
      "devDependencies": {
        "@types/node": "^14.11.2",
        "typescript": "~4.7.4"
      }
    },
    "../../../../../ELARACore/javascript/cli/edk-cli/dist": {
      "name": "@elaraai/cli",
      "version": "0.2.0-next.18",
      "license": "SEE LICENCE IN LICENCE.txt",
      "dependencies": {
        "@elaraai/core": "*",
        "@fast-csv/format": "^4.3.5",
        "@fast-csv/parse": "^4.3.6",
        "adm-zip": "^0.4.16",
        "axios": "^0.22.0",
        "chalk": "^4.1.2",
        "cli-progress": "^3.11.2",
        "cli-table": "^0.3.11",
        "columnify": "^1.6.0",
        "commander": "^8.0.0",
        "crypto-js": "^4.0.0",
        "dayjs": "^1.9.4",
        "delay": "^5.0.0",
        "dotenv": "^8.2.0",
        "enquirer": "^2.3.6",
        "form-data": "^3.0.1",
        "jsonlines": "^0.1.1",
        "listr2": "^5.0.2",
        "ora": "^5.1.0",
        "original-fs": "^1.1.0",
        "pkginfo": "^0.4.1",
        "prompts": "^2.3.2",
        "sanitize-filename": "^1.6.3",
        "tmp": "^0.2.1",
        "toposort": "^2.0.2",
        "ts-morph": "^8.1.1",
        "ts-node": "^10.1.0",
        "unquoted-property-validator": "^1.1.0",
        "yaml": "^2.1.1"
      },
      "bin": {
        "edk": "cli/index.js"
      },
      "devDependencies": {
        "@types/adm-zip": "^0.4.33",
        "@types/cli-progress": "^3.11.0",
        "@types/cli-table": "^0.3.0",
        "@types/columnify": "^1.5.1",
        "@types/jsonlines": "^0.1.1",
        "@types/pkginfo": "^0.4.0",
        "@types/prompts": "^2.0.9",
        "@types/tmp": "^0.2.3",
        "@types/toposort": "^2.0.3",
        "rimraf": "^3.0.2",
        "typescript": "~4.9.4"
      },
      "engines": {
        "node": ">=16",
        "npm": ">=7.0.0"
      }
    },
    "../ELARACore/javascript/cli/edk-cli/dist": {
      "extraneous": true
    },
    "../ELARACore/javascript/libs/core/dist": {
      "extraneous": true
    },
    "node_modules/@elaraai/cli": {
      "resolved": "../../../../../ELARACore/javascript/cli/edk-cli/dist",
      "link": true
    },
    "node_modules/@elaraai/core": {
      "version": "0.2.0-next.18",
      "resolved": "https://registry.npmjs.org/@elaraai/core/-/core-0.2.0-next.18.tgz",
      "integrity": "sha512-a1innlP64VGDeTxjNO5ZSYRp/r+aZlHhz6VrIko5c6GSWtb2oFfpiCf+8fsEb6znPljdBXaAU7mof52rgYik3A==",
      "dependencies": {
        "cron-parser": "^4.6.0",
        "crypto-js": "^4.0.0",
        "dayjs": "^1.9.4",
        "seedrandom": "^3.0.5"
      },
      "optionalDependencies": {
        "fsevents": "2.3.2"
      }
    },
    "node_modules/@types/node": {
      "version": "14.18.36",
      "resolved": "https://registry.npmjs.org/@types/node/-/node-14.18.36.tgz",
      "integrity": "sha512-FXKWbsJ6a1hIrRxv+FoukuHnGTgEzKYGi7kilfMae96AL9UNkPFNWJEEYWzdRI9ooIkbr4AKldyuSTLql06vLQ==",
      "dev": true
    },
    "node_modules/cron-parser": {
      "version": "4.8.1",
      "resolved": "https://registry.npmjs.org/cron-parser/-/cron-parser-4.8.1.tgz",
      "integrity": "sha512-jbokKWGcyU4gl6jAfX97E1gDpY12DJ1cLJZmoDzaAln/shZ+S3KBFBuA2Q6WeUN4gJf/8klnV1EfvhA2lK5IRQ==",
      "dependencies": {
        "luxon": "^3.2.1"
      },
      "engines": {
        "node": ">=12.0.0"
      }
    },
    "node_modules/crypto-js": {
      "version": "4.1.1",
      "resolved": "https://registry.npmjs.org/crypto-js/-/crypto-js-4.1.1.tgz",
      "integrity": "sha512-o2JlM7ydqd3Qk9CA0L4NL6mTzU2sdx96a+oOfPu8Mkl/PK51vSyoi8/rQ8NknZtk44vq15lmhAj9CIAGwgeWKw=="
    },
    "node_modules/dayjs": {
      "version": "1.11.7",
      "resolved": "https://registry.npmjs.org/dayjs/-/dayjs-1.11.7.tgz",
      "integrity": "sha512-+Yw9U6YO5TQohxLcIkrXBeY73WP3ejHWVvx8XCk3gxvQDCTEmS48ZrSZCKciI7Bhl/uCMyxYtE9UqRILmFphkQ=="
    },
    "node_modules/fsevents": {
      "version": "2.3.2",
      "resolved": "https://registry.npmjs.org/fsevents/-/fsevents-2.3.2.tgz",
      "integrity": "sha512-xiqMQR4xAeHTuB9uWm+fFRcIOgKBMiOBP+eXiyT7jsgVCq1bkVygt00oASowB7EdtpOHaaPgKt812P9ab+DDKA==",
      "hasInstallScript": true,
      "optional": true,
      "os": [
        "darwin"
      ],
      "engines": {
        "node": "^8.16.0 || ^10.6.0 || >=11.0.0"
      }
    },
    "node_modules/luxon": {
      "version": "3.3.0",
      "resolved": "https://registry.npmjs.org/luxon/-/luxon-3.3.0.tgz",
      "integrity": "sha512-An0UCfG/rSiqtAIiBPO0Y9/zAnHUZxAMiCpTd5h2smgsj7GGmcenvrvww2cqNA8/4A5ZrD1gJpHN2mIHZQF+Mg==",
      "engines": {
        "node": ">=12"
      }
    },
    "node_modules/seedrandom": {
      "version": "3.0.5",
      "resolved": "https://registry.npmjs.org/seedrandom/-/seedrandom-3.0.5.tgz",
      "integrity": "sha512-8OwmbklUNzwezjGInmZ+2clQmExQPvomqjL7LFqOYqtmuxRgQYqOD3mHaU+MvZn5FLUeVxVfQjwLZW/n/JFuqg=="
    },
    "node_modules/typescript": {
      "version": "4.7.4",
      "resolved": "https://registry.npmjs.org/typescript/-/typescript-4.7.4.tgz",
      "integrity": "sha512-C0WQT0gezHuw6AdY1M2jxUO83Rjf0HP7Sk1DtXj6j1EwkQNZrHAg2XPWlq62oqEhYvONq5pkC2Y9oPljWToLmQ==",
      "dev": true,
      "bin": {
        "tsc": "bin/tsc",
        "tsserver": "bin/tsserver"
      },
      "engines": {
        "node": ">=4.2.0"
      }
    }
  },
  "dependencies": {
    "@elaraai/cli": {
      "version": "file:../../../../../ELARACore/javascript/cli/edk-cli/dist",
      "requires": {
        "@elaraai/core": "*",
        "@fast-csv/format": "^4.3.5",
        "@fast-csv/parse": "^4.3.6",
        "@types/adm-zip": "^0.4.33",
        "@types/cli-progress": "^3.11.0",
        "@types/cli-table": "^0.3.0",
        "@types/columnify": "^1.5.1",
        "@types/jsonlines": "^0.1.1",
        "@types/pkginfo": "^0.4.0",
        "@types/prompts": "^2.0.9",
        "@types/tmp": "^0.2.3",
        "@types/toposort": "^2.0.3",
        "adm-zip": "^0.4.16",
        "axios": "^0.22.0",
        "chalk": "^4.1.2",
        "cli-progress": "^3.11.2",
        "cli-table": "^0.3.11",
        "columnify": "^1.6.0",
        "commander": "^8.0.0",
        "crypto-js": "^4.0.0",
        "dayjs": "^1.9.4",
        "delay": "^5.0.0",
        "dotenv": "^8.2.0",
        "enquirer": "^2.3.6",
        "form-data": "^3.0.1",
        "jsonlines": "^0.1.1",
        "listr2": "^5.0.2",
        "ora": "^5.1.0",
        "original-fs": "^1.1.0",
        "pkginfo": "^0.4.1",
        "prompts": "^2.3.2",
        "rimraf": "^3.0.2",
        "sanitize-filename": "^1.6.3",
        "tmp": "^0.2.1",
        "toposort": "^2.0.2",
        "ts-morph": "^8.1.1",
        "ts-node": "^10.1.0",
        "typescript": "~4.9.4",
        "unquoted-property-validator": "^1.1.0",
        "yaml": "^2.1.1"
      }
    },
    "@elaraai/core": {
      "version": "0.2.0-next.18",
      "resolved": "https://registry.npmjs.org/@elaraai/core/-/core-0.2.0-next.18.tgz",
      "integrity": "sha512-a1innlP64VGDeTxjNO5ZSYRp/r+aZlHhz6VrIko5c6GSWtb2oFfpiCf+8fsEb6znPljdBXaAU7mof52rgYik3A==",
      "requires": {
        "cron-parser": "^4.6.0",
        "crypto-js": "^4.0.0",
        "dayjs": "^1.9.4",
        "fsevents": "2.3.2",
        "seedrandom": "^3.0.5"
      }
    },
    "@types/node": {
      "version": "14.18.36",
      "resolved": "https://registry.npmjs.org/@types/node/-/node-14.18.36.tgz",
      "integrity": "sha512-FXKWbsJ6a1hIrRxv+FoukuHnGTgEzKYGi7kilfMae96AL9UNkPFNWJEEYWzdRI9ooIkbr4AKldyuSTLql06vLQ==",
      "dev": true
    },
    "cron-parser": {
      "version": "4.8.1",
      "resolved": "https://registry.npmjs.org/cron-parser/-/cron-parser-4.8.1.tgz",
      "integrity": "sha512-jbokKWGcyU4gl6jAfX97E1gDpY12DJ1cLJZmoDzaAln/shZ+S3KBFBuA2Q6WeUN4gJf/8klnV1EfvhA2lK5IRQ==",
      "requires": {
        "luxon": "^3.2.1"
      }
    },
    "crypto-js": {
      "version": "4.1.1",
      "resolved": "https://registry.npmjs.org/crypto-js/-/crypto-js-4.1.1.tgz",
      "integrity": "sha512-o2JlM7ydqd3Qk9CA0L4NL6mTzU2sdx96a+oOfPu8Mkl/PK51vSyoi8/rQ8NknZtk44vq15lmhAj9CIAGwgeWKw=="
    },
    "dayjs": {
      "version": "1.11.7",
      "resolved": "https://registry.npmjs.org/dayjs/-/dayjs-1.11.7.tgz",
      "integrity": "sha512-+Yw9U6YO5TQohxLcIkrXBeY73WP3ejHWVvx8XCk3gxvQDCTEmS48ZrSZCKciI7Bhl/uCMyxYtE9UqRILmFphkQ=="
    },
    "fsevents": {
      "version": "2.3.2",
      "resolved": "https://registry.npmjs.org/fsevents/-/fsevents-2.3.2.tgz",
      "integrity": "sha512-xiqMQR4xAeHTuB9uWm+fFRcIOgKBMiOBP+eXiyT7jsgVCq1bkVygt00oASowB7EdtpOHaaPgKt812P9ab+DDKA==",
      "optional": true
    },
    "luxon": {
      "version": "3.3.0",
      "resolved": "https://registry.npmjs.org/luxon/-/luxon-3.3.0.tgz",
      "integrity": "sha512-An0UCfG/rSiqtAIiBPO0Y9/zAnHUZxAMiCpTd5h2smgsj7GGmcenvrvww2cqNA8/4A5ZrD1gJpHN2mIHZQF+Mg=="
    },
    "seedrandom": {
      "version": "3.0.5",
      "resolved": "https://registry.npmjs.org/seedrandom/-/seedrandom-3.0.5.tgz",
      "integrity": "sha512-8OwmbklUNzwezjGInmZ+2clQmExQPvomqjL7LFqOYqtmuxRgQYqOD3mHaU+MvZn5FLUeVxVfQjwLZW/n/JFuqg=="
    },
    "typescript": {
      "version": "4.7.4",
      "resolved": "https://registry.npmjs.org/typescript/-/typescript-4.7.4.tgz",
      "integrity": "sha512-C0WQT0gezHuw6AdY1M2jxUO83Rjf0HP7Sk1DtXj6j1EwkQNZrHAg2XPWlq62oqEhYvONq5pkC2Y9oPljWToLmQ==",
      "dev": true
    }
  }
}
