{
  "name": "06_03_07_unparse_to_blob_data",
  "version": "1.0.0",
  "lockfileVersion": 3,
  "requires": true,
  "packages": {
    "": {
      "name": "06_03_07_unparse_to_blob_data",
      "version": "1.0.0",
      "dependencies": {
        "@elaraai/cli": "file:~/src/ELARACore/javascript/libs/edk-cli/dist",
        "@elaraai/core": "file:~/src/ELARACore/javascript/libs/core/dist"
      },
      "devDependencies": {
        "@types/node": "^18.11.9",
        "typescript": "~5.4"
      },
      "engines": {
        "node": ">=18",
        "npm": ">=8"
      }
    },
    "../../../../ELARACore/javascript/libs/core/dist": {},
    "../../../../ELARACore/javascript/libs/edk-cli/dist": {},
    "node_modules/@elaraai/cli": {
      "resolved": "../../../../ELARACore/javascript/libs/edk-cli/dist",
      "link": true
    },
    "node_modules/@elaraai/core": {
      "resolved": "../../../../ELARACore/javascript/libs/core/dist",
      "link": true
    },
    "node_modules/@types/node": {
      "version": "18.19.55",
      "resolved": "https://registry.npmjs.org/@types/node/-/node-18.19.55.tgz",
      "integrity": "sha512-zzw5Vw52205Zr/nmErSEkN5FLqXPuKX/k5d1D7RKHATGqU7y6YfX9QxZraUzUrFGqH6XzOzG196BC35ltJC4Cw==",
      "dev": true,
      "dependencies": {
        "undici-types": "~5.26.4"
      }
    },
    "node_modules/typescript": {
      "version": "5.4.5",
      "resolved": "https://registry.npmjs.org/typescript/-/typescript-5.4.5.tgz",
      "integrity": "sha512-vcI4UpRgg81oIRUFwR0WSIHKt11nJ7SAVlYNIu+QpqeyXP+gpQJy/Z4+F0aGxSE4MqwjyXvW/TzgkLAx2AGHwQ==",
      "dev": true,
      "bin": {
        "tsc": "bin/tsc",
        "tsserver": "bin/tsserver"
      },
      "engines": {
        "node": ">=14.17"
      }
    },
    "node_modules/undici-types": {
      "version": "5.26.5",
      "resolved": "https://registry.npmjs.org/undici-types/-/undici-types-5.26.5.tgz",
      "integrity": "sha512-JlCMO+ehdEIKqlFxk6IfVoAUVmgz7cU7zD/h9XZ0qzeosSHmUJVOzSQvvYSYWXkFXC+IfLKSIffhv0sVZup6pA==",
      "dev": true
    }
  }
}
