{
  "name": "ModelExample",
  "version": "1.0.0",
  "lockfileVersion": 2,
  "requires": true,
  "packages": {
    "": {
      "name": "ModelExample",
      "version": "1.0.0",
      "dependencies": {
        "@elaraai/cli": "file:../../../../../ELARACore/javascript/cli/edk/dist",
        "@elaraai/core": "file:../../../../../ELARACore/javascript/libs/core/dist"
      },
      "devDependencies": {
        "@types/node": "^16",
        "typescript": "~4.9"
      }
    },
    "../../../../../ELARACore/javascript/cli/edk/dist": {},
    "../../../../../ELARACore/javascript/libs/core/dist": {},
    "../ELARACore/javascript/libs/core/dist": {
      "extraneous": true
    },
    "node_modules/@elaraai/cli": {
      "resolved": "../../../../../ELARACore/javascript/cli/edk/dist",
      "link": true
    },
    "node_modules/@elaraai/core": {
      "resolved": "../../../../../ELARACore/javascript/libs/core/dist",
      "link": true
    },
    "node_modules/@types/node": {
      "version": "16.18.19",
      "resolved": "https://registry.npmjs.org/@types/node/-/node-16.18.19.tgz",
      "integrity": "sha512-Qd2EhjbjOKZuHMn+IJc2EUYwdkJw9kgsZ3k2zdyi2uIBH0hU00Yd9T5rpMq6KRiFvpscpXUQRjJSaJHH29ei8A==",
      "dev": true
    },
    "node_modules/typescript": {
      "version": "4.9.5",
      "resolved": "https://registry.npmjs.org/typescript/-/typescript-4.9.5.tgz",
      "integrity": "sha512-1FXk9E2Hm+QzZQ7z+McJiHL4NW1F2EzMu9Nq9i3zAaGqibafqYwCVU6WyWAuyQRRzOlxou8xZSyXLEN8oKj24g==",
      "dev": true,
      "bin": {
        "tsc": "bin/tsc",
        "tsserver": "bin/tsserver"
      },
      "engines": {
        "node": ">=4.2.0"
      }
    }
  },
  "dependencies": {
    "@elaraai/cli": {
      "version": "file:../../../../../ELARACore/javascript/cli/edk/dist"
    },
    "@elaraai/core": {
      "version": "file:../../../../../ELARACore/javascript/libs/core/dist"
    },
    "@types/node": {
      "version": "16.18.19",
      "resolved": "https://registry.npmjs.org/@types/node/-/node-16.18.19.tgz",
      "integrity": "sha512-Qd2EhjbjOKZuHMn+IJc2EUYwdkJw9kgsZ3k2zdyi2uIBH0hU00Yd9T5rpMq6KRiFvpscpXUQRjJSaJHH29ei8A==",
      "dev": true
    },
    "typescript": {
      "version": "4.9.5",
      "resolved": "https://registry.npmjs.org/typescript/-/typescript-4.9.5.tgz",
      "integrity": "sha512-1FXk9E2Hm+QzZQ7z+McJiHL4NW1F2EzMu9Nq9i3zAaGqibafqYwCVU6WyWAuyQRRzOlxou8xZSyXLEN8oKj24g==",
      "dev": true
    }
  }
}
