{
  "name": "hello_world",
  "version": "1.0.0",
  "lockfileVersion": 2,
  "requires": true,
  "packages": {
    "": {
      "name": "hello_world",
      "version": "1.0.0",
      "dependencies": {
        "@elaraai/core": "file:../../../../ELARACore/javascript/libs/core/dist"
      },
      "devDependencies": {
        "@types/node": "^14.11.2",
        "typescript": "~4.3.5"
      }
    },
    "../../../../ELARACore/javascript/libs/core/dist": {},
    "node_modules/@elaraai/core": {
      "resolved": "../../../../ELARACore/javascript/libs/core/dist",
      "link": true
    },
    "node_modules/@types/node": {
      "version": "14.18.29",
      "resolved": "https://registry.npmjs.org/@types/node/-/node-14.18.29.tgz",
      "integrity": "sha512-LhF+9fbIX4iPzhsRLpK5H7iPdvW8L4IwGciXQIOEcuF62+9nw/VQVsOViAOOGxY3OlOKGLFv0sWwJXdwQeTn6A==",
      "dev": true
    },
    "node_modules/typescript": {
      "version": "4.3.5",
      "resolved": "https://registry.npmjs.org/typescript/-/typescript-4.3.5.tgz",
      "integrity": "sha512-DqQgihaQ9cUrskJo9kIyW/+g0Vxsk8cDtZ52a3NGh0YNTfpUSArXSohyUGnvbPazEPLu398C0UxmKSOrPumUzA==",
      "dev": true,
      "bin": {
        "tsc": "bin/tsc",
        "tsserver": "bin/tsserver"
      },
      "engines": {
        "node": ">=4.2.0"
      }
    }
  },
  "dependencies": {
    "@elaraai/core": {
      "version": "file:../../../../ELARACore/javascript/libs/core/dist"
    },
    "@types/node": {
      "version": "14.18.29",
      "resolved": "https://registry.npmjs.org/@types/node/-/node-14.18.29.tgz",
      "integrity": "sha512-LhF+9fbIX4iPzhsRLpK5H7iPdvW8L4IwGciXQIOEcuF62+9nw/VQVsOViAOOGxY3OlOKGLFv0sWwJXdwQeTn6A==",
      "dev": true
    },
    "typescript": {
      "version": "4.3.5",
      "resolved": "https://registry.npmjs.org/typescript/-/typescript-4.3.5.tgz",
      "integrity": "sha512-DqQgihaQ9cUrskJo9kIyW/+g0Vxsk8cDtZ52a3NGh0YNTfpUSArXSohyUGnvbPazEPLu398C0UxmKSOrPumUzA==",
      "dev": true
    }
  }
}
